{
  "name": "loadobject",
  "version": "1.0.0",
  "lockfileVersion": 2,
  "requires": true,
  "packages": {
    "": {
      "name": "loadobject",
      "version": "1.0.0",
      "license": "ISC",
      "dependencies": {
        "@ipld/dag-cbor": "^7.0.3",
        "js-yaml": "^4.1.0",
        "parse-path": "^7.0.0",
        "ramda": "^0.28.0",
        "undici": "^5.10.0"
      }
    },
    "node_modules/@ipld/dag-cbor": {
      "version": "7.0.3",
      "resolved": "https://registry.npmjs.org/@ipld/dag-cbor/-/dag-cbor-7.0.3.tgz",
      "integrity": "sha512-1VVh2huHsuohdXC1bGJNE8WR72slZ9XE2T3wbBBq31dm7ZBatmKLLxrB+XAqafxfRFjv08RZmj/W/ZqaM13AuA==",
      "dependencies": {
        "cborg": "^1.6.0",
        "multiformats": "^9.5.4"
      }
    },
    "node_modules/argparse": {
      "version": "2.0.1",
      "resolved": "https://registry.npmjs.org/argparse/-/argparse-2.0.1.tgz",
      "integrity": "sha512-8+9WqebbFzpX9OR+Wa6O29asIogeRMzcGtAINdpMHHyAg10f05aSFVBbcEqGf/PXw1EjAZ+q2/bEBg3DvurK3Q=="
    },
    "node_modules/cborg": {
      "version": "1.9.5",
      "resolved": "https://registry.npmjs.org/cborg/-/cborg-1.9.5.tgz",
      "integrity": "sha512-fLBv8wmqtlXqy1Yu+pHzevAIkW6k2K0ZtMujNzWphLsA34vzzg9BHn+5GmZqOJkSA9V7EMKsWrf6K976c1QMjQ==",
      "bin": {
        "cborg": "cli.js"
      }
    },
    "node_modules/js-yaml": {
      "version": "4.1.0",
      "resolved": "https://registry.npmjs.org/js-yaml/-/js-yaml-4.1.0.tgz",
      "integrity": "sha512-wpxZs9NoxZaJESJGIZTyDEaYpl0FKSA+FB9aJiyemKhMwkxQg63h4T1KJgUGHpTqPDNRcmmYLugrRjJlBtWvRA==",
      "dependencies": {
        "argparse": "^2.0.1"
      },
      "bin": {
        "js-yaml": "bin/js-yaml.js"
      }
    },
    "node_modules/multiformats": {
      "version": "9.9.0",
      "resolved": "https://registry.npmjs.org/multiformats/-/multiformats-9.9.0.tgz",
      "integrity": "sha512-HoMUjhH9T8DDBNT+6xzkrd9ga/XiBI4xLr58LJACwK6G3HTOPeMz4nB4KJs33L2BelrIJa7P0VuNaVF3hMYfjg=="
    },
    "node_modules/parse-path": {
      "version": "7.0.0",
      "resolved": "https://registry.npmjs.org/parse-path/-/parse-path-7.0.0.tgz",
      "integrity": "sha512-Euf9GG8WT9CdqwuWJGdf3RkUcTBArppHABkO7Lm8IzRQp0e2r/kkFnmhu4TSK30Wcu5rVAZLmfPKSBBi9tWFog==",
      "dependencies": {
        "protocols": "^2.0.0"
      }
    },
    "node_modules/protocols": {
      "version": "2.0.1",
      "resolved": "https://registry.npmjs.org/protocols/-/protocols-2.0.1.tgz",
      "integrity": "sha512-/XJ368cyBJ7fzLMwLKv1e4vLxOju2MNAIokcr7meSaNcVbWz/CPcW22cP04mwxOErdA5mwjA8Q6w/cdAQxVn7Q=="
    },
    "node_modules/ramda": {
      "version": "0.28.0",
      "resolved": "https://registry.npmjs.org/ramda/-/ramda-0.28.0.tgz",
      "integrity": "sha512-9QnLuG/kPVgWvMQ4aODhsBUFKOUmnbUnsSXACv+NCQZcHbeb+v8Lodp8OVxtRULN1/xOyYLLaL6npE6dMq5QTA==",
      "funding": {
        "type": "opencollective",
        "url": "https://opencollective.com/ramda"
      }
    },
    "node_modules/undici": {
      "version": "5.10.0",
      "resolved": "https://registry.npmjs.org/undici/-/undici-5.10.0.tgz",
      "integrity": "sha512-c8HsD3IbwmjjbLvoZuRI26TZic+TSEe8FPMLLOkN1AfYRhdjnKBU6yL+IwcSCbdZiX4e5t0lfMDLDCqj4Sq70g==",
      "engines": {
        "node": ">=12.18"
      }
    }
  },
  "dependencies": {
    "@ipld/dag-cbor": {
      "version": "7.0.3",
      "resolved": "https://registry.npmjs.org/@ipld/dag-cbor/-/dag-cbor-7.0.3.tgz",
      "integrity": "sha512-1VVh2huHsuohdXC1bGJNE8WR72slZ9XE2T3wbBBq31dm7ZBatmKLLxrB+XAqafxfRFjv08RZmj/W/ZqaM13AuA==",
      "requires": {
        "cborg": "^1.6.0",
        "multiformats": "^9.5.4"
      }
    },
    "argparse": {
      "version": "2.0.1",
      "resolved": "https://registry.npmjs.org/argparse/-/argparse-2.0.1.tgz",
      "integrity": "sha512-8+9WqebbFzpX9OR+Wa6O29asIogeRMzcGtAINdpMHHyAg10f05aSFVBbcEqGf/PXw1EjAZ+q2/bEBg3DvurK3Q=="
    },
    "cborg": {
      "version": "1.9.5",
      "resolved": "https://registry.npmjs.org/cborg/-/cborg-1.9.5.tgz",
      "integrity": "sha512-fLBv8wmqtlXqy1Yu+pHzevAIkW6k2K0ZtMujNzWphLsA34vzzg9BHn+5GmZqOJkSA9V7EMKsWrf6K976c1QMjQ=="
    },
    "js-yaml": {
      "version": "4.1.0",
      "resolved": "https://registry.npmjs.org/js-yaml/-/js-yaml-4.1.0.tgz",
      "integrity": "sha512-wpxZs9NoxZaJESJGIZTyDEaYpl0FKSA+FB9aJiyemKhMwkxQg63h4T1KJgUGHpTqPDNRcmmYLugrRjJlBtWvRA==",
      "requires": {
        "argparse": "^2.0.1"
      }
    },
    "multiformats": {
      "version": "9.9.0",
      "resolved": "https://registry.npmjs.org/multiformats/-/multiformats-9.9.0.tgz",
      "integrity": "sha512-HoMUjhH9T8DDBNT+6xzkrd9ga/XiBI4xLr58LJACwK6G3HTOPeMz4nB4KJs33L2BelrIJa7P0VuNaVF3hMYfjg=="
    },
    "parse-path": {
      "version": "7.0.0",
      "resolved": "https://registry.npmjs.org/parse-path/-/parse-path-7.0.0.tgz",
      "integrity": "sha512-Euf9GG8WT9CdqwuWJGdf3RkUcTBArppHABkO7Lm8IzRQp0e2r/kkFnmhu4TSK30Wcu5rVAZLmfPKSBBi9tWFog==",
      "requires": {
        "protocols": "^2.0.0"
      }
    },
    "protocols": {
      "version": "2.0.1",
      "resolved": "https://registry.npmjs.org/protocols/-/protocols-2.0.1.tgz",
      "integrity": "sha512-/XJ368cyBJ7fzLMwLKv1e4vLxOju2MNAIokcr7meSaNcVbWz/CPcW22cP04mwxOErdA5mwjA8Q6w/cdAQxVn7Q=="
    },
    "ramda": {
      "version": "0.28.0",
      "resolved": "https://registry.npmjs.org/ramda/-/ramda-0.28.0.tgz",
      "integrity": "sha512-9QnLuG/kPVgWvMQ4aODhsBUFKOUmnbUnsSXACv+NCQZcHbeb+v8Lodp8OVxtRULN1/xOyYLLaL6npE6dMq5QTA=="
    },
    "undici": {
      "version": "5.10.0",
      "resolved": "https://registry.npmjs.org/undici/-/undici-5.10.0.tgz",
      "integrity": "sha512-c8HsD3IbwmjjbLvoZuRI26TZic+TSEe8FPMLLOkN1AfYRhdjnKBU6yL+IwcSCbdZiX4e5t0lfMDLDCqj4Sq70g=="
    }
  }
}
